
Microsoft Visual Studio Solution File, Format Version 12.00
# Visual Studio 15
VisualStudioVersion = 15.0.28307.421
MinimumVisualStudioVersion = 10.0.40219.1
Project("{FAE04EC0-301F-11D3-BF4B-00C04F79EFBC}") = "SortAlgorithm", "Algorithm\SortAlgorithm.csproj", "{0666577C-5ABF-4781-9F43-90100FCBC216}"
EndProject
Global
	GlobalSection(SolutionConfigurationPlatforms) = preSolution
		Debug|Any CPU = Debug|Any CPU
		Release|Any CPU = Release|Any CPU
	EndGlobalSection
	GlobalSection(ProjectConfigurationPlatforms) = postSolution
		{0666577C-5ABF-4781-9F43-90100FCBC216}.Debug|Any CPU.ActiveCfg = Debug|Any CPU
		{0666577C-5ABF-4781-9F43-90100FCBC216}.Debug|Any CPU.Build.0 = Debug|Any CPU
		{0666577C-5ABF-4781-9F43-90100FCBC216}.Release|Any CPU.ActiveCfg = Release|Any CPU
		{0666577C-5ABF-4781-9F43-90100FCBC216}.Release|Any CPU.Build.0 = Release|Any CPU
	EndGlobalSection
	GlobalSection(SolutionProperties) = preSolution
		HideSolutionNode = FALSE
	EndGlobalSection
	GlobalSection(ExtensibilityGlobals) = postSolution
		SolutionGuid = {F932C854-CD61-4B20-B2A9-CCCC27246338}
	EndGlobalSection
EndGlobal
